<?xml version="1.0" encoding="utf-8"?>
<Project ToolsVersion="4.0" xmlns="http://schemas.microsoft.com/developer/msbuild/2003">
  <ItemGroup>
    <ClCompile Include="Arithmetic.cpp" />
    <ClCompile Include="Binarization.cpp" />
    <ClCompile Include="ColorAdjust.cpp" />
    <ClCompile Include="Contrast.cpp" />
    <ClCompile Include="CVProject.Core.cpp" />
    <ClCompile Include="dllmain.cpp" />
    <ClCompile Include="Filter.cpp" />
    <ClCompile Include="Grayscale.cpp" />
    <ClCompile Include="hough.cpp" />
    <ClCompile Include="stdafx.cpp" />
    <ClCompile Include="Transform.cpp" />
    <ClCompile Include="morphology.cpp" />
  </ItemGroup>
  <ItemGroup>
    <ClInclude Include="CVProject.Core.h" />
    <ClInclude Include="filter.h" />
    <ClInclude Include="image.h" />
    <ClInclude Include="stdafx.h" />
    <ClInclude Include="targetver.h" />
  </ItemGroup>
  <ItemGroup>
    <Text Include="ReadMe.txt" />
  </ItemGroup>
</Project>